
Microsoft Visual Studio Solution File, Format Version 12.00
# Visual Studio Version 16
VisualStudioVersion = 16.0.32106.194
MinimumVisualStudioVersion = 10.0.40219.1
Project("{FAE04EC0-301F-11D3-BF4B-00C04F79EFBC}") = "ProgAssign1", "ProgAssign1.csproj", "{2A79D04E-F051-4B6A-92E5-8DC36C999E78}"
EndProject
Global
	GlobalSection(SolutionConfigurationPlatforms) = preSolution
		Debug|Any CPU = Debug|Any CPU
		Release|Any CPU = Release|Any CPU
	EndGlobalSection
	GlobalSection(ProjectConfigurationPlatforms) = postSolution
		{2A79D04E-F051-4B6A-92E5-8DC36C999E78}.Debug|Any CPU.ActiveCfg = Debug|Any CPU
		{2A79D04E-F051-4B6A-92E5-8DC36C999E78}.Debug|Any CPU.Build.0 = Debug|Any CPU
		{2A79D04E-F051-4B6A-92E5-8DC36C999E78}.Release|Any CPU.ActiveCfg = Release|Any CPU
		{2A79D04E-F051-4B6A-92E5-8DC36C999E78}.Release|Any CPU.Build.0 = Release|Any CPU
	EndGlobalSection
	GlobalSection(SolutionProperties) = preSolution
		HideSolutionNode = FALSE
	EndGlobalSection
	GlobalSection(ExtensibilityGlobals) = postSolution
		SolutionGuid = {D8E9BD41-23C6-4696-A3D3-00C364452B3E}
	EndGlobalSection
EndGlobal
